
Microsoft Visual Studio Solution File, Format Version 12.00
# Visual Studio Version 17
VisualStudioVersion = 17.4.33020.496
MinimumVisualStudioVersion = 10.0.40219.1
Project("{9A19103F-16F7-4668-BE54-9A1E7A4F7556}") = "DragAndDrop", "DragAndDrop\DragAndDrop.csproj", "{C2BB174B-76E1-488D-8930-059D0B108AC1}"
EndProject
Project("{9A19103F-16F7-4668-BE54-9A1E7A4F7556}") = "FilteredDataGrid", "FilteredDataGrid\FilteredDataGrid.csproj", "{23C61F98-026A-4C17-91B7-73337083ACDA}"
EndProject
Global
	GlobalSection(SolutionConfigurationPlatforms) = preSolution
		Debug|Any CPU = Debug|Any CPU
		Release|Any CPU = Release|Any CPU
	EndGlobalSection
	GlobalSection(ProjectConfigurationPlatforms) = postSolution
		{C2BB174B-76E1-488D-8930-059D0B108AC1}.Debug|Any CPU.ActiveCfg = Debug|Any CPU
		{C2BB174B-76E1-488D-8930-059D0B108AC1}.Debug|Any CPU.Build.0 = Debug|Any CPU
		{C2BB174B-76E1-488D-8930-059D0B108AC1}.Release|Any CPU.ActiveCfg = Release|Any CPU
		{C2BB174B-76E1-488D-8930-059D0B108AC1}.Release|Any CPU.Build.0 = Release|Any CPU
		{23C61F98-026A-4C17-91B7-73337083ACDA}.Debug|Any CPU.ActiveCfg = Debug|Any CPU
		{23C61F98-026A-4C17-91B7-73337083ACDA}.Debug|Any CPU.Build.0 = Debug|Any CPU
		{23C61F98-026A-4C17-91B7-73337083ACDA}.Release|Any CPU.ActiveCfg = Release|Any CPU
		{23C61F98-026A-4C17-91B7-73337083ACDA}.Release|Any CPU.Build.0 = Release|Any CPU
	EndGlobalSection
	GlobalSection(SolutionProperties) = preSolution
		HideSolutionNode = FALSE
	EndGlobalSection
	GlobalSection(ExtensibilityGlobals) = postSolution
		SolutionGuid = {4AC51800-4615-4DA0-B561-DFF2A29C9842}
	EndGlobalSection
EndGlobal
